
Microsoft Visual Studio Solution File, Format Version 12.00
# Visual Studio Version 17
VisualStudioVersion = 17.0.31903.59
MinimumVisualStudioVersion = 10.0.40219.1
Project("{FAE04EC0-301F-11D3-BF4B-00C04F79EFBC}") = "Simplify.Cache.Proxy", "src\Simplify.Cache.Proxy\Simplify.Cache.Proxy.csproj", "{A0671881-8ACA-488B-A6CC-E2AA1B278F6F}"
EndProject
Project("{FAE04EC0-301F-11D3-BF4B-00C04F79EFBC}") = "Simplify.Cache.Proxy.Tests", "tests\Simplify.Cache.Proxy.Tests\Simplify.Cache.Proxy.Tests.csproj", "{F8D8795A-0206-4A88-8D6A-E18439ADB419}"
EndProject
Global
	GlobalSection(SolutionConfigurationPlatforms) = preSolution
		Debug|Any CPU = Debug|Any CPU
		Debug|x64 = Debug|x64
		Debug|x86 = Debug|x86
		Release|Any CPU = Release|Any CPU
		Release|x64 = Release|x64
		Release|x86 = Release|x86
	EndGlobalSection
	GlobalSection(ProjectConfigurationPlatforms) = postSolution
		{A0671881-8ACA-488B-A6CC-E2AA1B278F6F}.Debug|Any CPU.ActiveCfg = Debug|Any CPU
		{A0671881-8ACA-488B-A6CC-E2AA1B278F6F}.Debug|Any CPU.Build.0 = Debug|Any CPU
		{A0671881-8ACA-488B-A6CC-E2AA1B278F6F}.Debug|x64.ActiveCfg = Debug|Any CPU
		{A0671881-8ACA-488B-A6CC-E2AA1B278F6F}.Debug|x64.Build.0 = Debug|Any CPU
		{A0671881-8ACA-488B-A6CC-E2AA1B278F6F}.Debug|x86.ActiveCfg = Debug|Any CPU
		{A0671881-8ACA-488B-A6CC-E2AA1B278F6F}.Debug|x86.Build.0 = Debug|Any CPU
		{A0671881-8ACA-488B-A6CC-E2AA1B278F6F}.Release|Any CPU.ActiveCfg = Release|Any CPU
		{A0671881-8ACA-488B-A6CC-E2AA1B278F6F}.Release|Any CPU.Build.0 = Release|Any CPU
		{A0671881-8ACA-488B-A6CC-E2AA1B278F6F}.Release|x64.ActiveCfg = Release|Any CPU
		{A0671881-8ACA-488B-A6CC-E2AA1B278F6F}.Release|x64.Build.0 = Release|Any CPU
		{A0671881-8ACA-488B-A6CC-E2AA1B278F6F}.Release|x86.ActiveCfg = Release|Any CPU
		{A0671881-8ACA-488B-A6CC-E2AA1B278F6F}.Release|x86.Build.0 = Release|Any CPU
		{F8D8795A-0206-4A88-8D6A-E18439ADB419}.Debug|Any CPU.ActiveCfg = Debug|Any CPU
		{F8D8795A-0206-4A88-8D6A-E18439ADB419}.Debug|Any CPU.Build.0 = Debug|Any CPU
		{F8D8795A-0206-4A88-8D6A-E18439ADB419}.Debug|x64.ActiveCfg = Debug|Any CPU
		{F8D8795A-0206-4A88-8D6A-E18439ADB419}.Debug|x64.Build.0 = Debug|Any CPU
		{F8D8795A-0206-4A88-8D6A-E18439ADB419}.Debug|x86.ActiveCfg = Debug|Any CPU
		{F8D8795A-0206-4A88-8D6A-E18439ADB419}.Debug|x86.Build.0 = Debug|Any CPU
		{F8D8795A-0206-4A88-8D6A-E18439ADB419}.Release|Any CPU.ActiveCfg = Release|Any CPU
		{F8D8795A-0206-4A88-8D6A-E18439ADB419}.Release|Any CPU.Build.0 = Release|Any CPU
		{F8D8795A-0206-4A88-8D6A-E18439ADB419}.Release|x64.ActiveCfg = Release|Any CPU
		{F8D8795A-0206-4A88-8D6A-E18439ADB419}.Release|x64.Build.0 = Release|Any CPU
		{F8D8795A-0206-4A88-8D6A-E18439ADB419}.Release|x86.ActiveCfg = Release|Any CPU
		{F8D8795A-0206-4A88-8D6A-E18439ADB419}.Release|x86.Build.0 = Release|Any CPU
	EndGlobalSection
	GlobalSection(SolutionProperties) = preSolution
		HideSolutionNode = FALSE
	EndGlobalSection
EndGlobal
